
Microsoft Visual Studio Solution File, Format Version 12.00
# Visual Studio 15
VisualStudioVersion = 15.0.28307.489
MinimumVisualStudioVersion = 10.0.40219.1
Project("{FAE04EC0-301F-11D3-BF4B-00C04F79EFBC}") = "deliverable1", "deliverable1\deliverable1.csproj", "{F9424384-1A04-4737-A2A0-2AE5F48CF802}"
EndProject
Global
	GlobalSection(SolutionConfigurationPlatforms) = preSolution
		Debug|Any CPU = Debug|Any CPU
		Release|Any CPU = Release|Any CPU
	EndGlobalSection
	GlobalSection(ProjectConfigurationPlatforms) = postSolution
		{F9424384-1A04-4737-A2A0-2AE5F48CF802}.Debug|Any CPU.ActiveCfg = Debug|Any CPU
		{F9424384-1A04-4737-A2A0-2AE5F48CF802}.Debug|Any CPU.Build.0 = Debug|Any CPU
		{F9424384-1A04-4737-A2A0-2AE5F48CF802}.Release|Any CPU.ActiveCfg = Release|Any CPU
		{F9424384-1A04-4737-A2A0-2AE5F48CF802}.Release|Any CPU.Build.0 = Release|Any CPU
	EndGlobalSection
	GlobalSection(SolutionProperties) = preSolution
		HideSolutionNode = FALSE
	EndGlobalSection
	GlobalSection(ExtensibilityGlobals) = postSolution
		SolutionGuid = {5645DED9-D85C-4AA9-9123-921E7E4D059F}
	EndGlobalSection
EndGlobal
